
Microsoft Visual Studio Solution File, Format Version 12.00
# Visual Studio Version 16
VisualStudioVersion = 16.0.29318.209
MinimumVisualStudioVersion = 10.0.40219.1
Project("{FAE04EC0-301F-11D3-BF4B-00C04F79EFBC}") = "Hr.Timekeeping.UnitTests", "Hr.Timekeeping.UnitTests\Hr.Timekeeping.UnitTests.csproj", "{822DDC23-68FD-4BC8-B42B-FD18D2CF7E87}"
EndProject
Global
	GlobalSection(SolutionConfigurationPlatforms) = preSolution
		Debug|Any CPU = Debug|Any CPU
		Release|Any CPU = Release|Any CPU
	EndGlobalSection
	GlobalSection(ProjectConfigurationPlatforms) = postSolution
		{822DDC23-68FD-4BC8-B42B-FD18D2CF7E87}.Debug|Any CPU.ActiveCfg = Debug|Any CPU
		{822DDC23-68FD-4BC8-B42B-FD18D2CF7E87}.Debug|Any CPU.Build.0 = Debug|Any CPU
		{822DDC23-68FD-4BC8-B42B-FD18D2CF7E87}.Release|Any CPU.ActiveCfg = Release|Any CPU
		{822DDC23-68FD-4BC8-B42B-FD18D2CF7E87}.Release|Any CPU.Build.0 = Release|Any CPU
	EndGlobalSection
	GlobalSection(SolutionProperties) = preSolution
		HideSolutionNode = FALSE
	EndGlobalSection
	GlobalSection(ExtensibilityGlobals) = postSolution
		SolutionGuid = {BD65B59A-FD2B-40BE-BB83-DEE2F7425020}
	EndGlobalSection
EndGlobal
